# This file is automatically @generated by Cargo.
# It is not intended for manual editing.
version = 4

[[package]]
name = "derive_aliases"
version = "0.2.2"
dependencies = [
 "derive_aliases_impl",
]

[[package]]
name = "derive_aliases_impl"
version = "0.1.0"
dependencies = [
 "docstr",
 "strsim",
]

[[package]]
name = "docstr"
version = "0.4.2"
source = "registry+https://github.com/rust-lang/crates.io-index"
checksum = "98d029da644f42765070e562804a4b34a46d266dc8d9c31957de17b15854ef9f"
dependencies = [
 "litrs",
]

[[package]]
name = "litrs"
version = "0.5.1"
source = "registry+https://github.com/rust-lang/crates.io-index"
checksum = "1e4cf394bcd88ba72eb3b2862e21ef6458b0e1586654e213b0176e667bb9d19e"

[[package]]
name = "strsim"
version = "0.11.1"
source = "registry+https://github.com/rust-lang/crates.io-index"
checksum = "7da8b5736845d9f2fcb837ea5d9e2628564b3b043a70948a3f0b778838c5fb4f"
